{
    "_readme": [
        "This file locks the dependencies of your project to a known state",
        "Read more about it at https://getcomposer.org/doc/01-basic-usage.md#installing-dependencies",
        "This file is @generated automatically"
    ],
    "content-hash": "b3987aedf1f660f462ac25e240783bb3",
    "packages": [
        {
            "name": "aeon-php/calendar",
            "version": "1.0.7",
            "source": {
                "type": "git",
                "url": "https://github.com/aeon-php/calendar.git",
                "reference": "49e3167815ca6af1f4215eed0719c3d83d749571"
            },
            "dist": {
                "type": "zip",
                "url": "https://api.github.com/repos/aeon-php/calendar/zipball/49e3167815ca6af1f4215eed0719c3d83d749571",
                "reference": "49e3167815ca6af1f4215eed0719c3d83d749571",
                "shasum": ""
            },
            "require": {
                "php": "^7.4.2 || ~8.0 || ~8.1.10"
            },
            "require-dev": {
                "ext-bcmath": "*"
            },
            "suggest": {
                "ext-bcmath": "Compare time units with high precision"
            },
            "type": "library",
            "autoload": {
                "psr-4": {
                    "Aeon\\": [
                        "src/Aeon"
                    ]
                }
            },
            "notification-url": "https://packagist.org/downloads/",
            "license": [
                "MIT"
            ],
            "description": "PHP type safe, immutable calendar library",
            "keywords": [
                "calendar",
                "date",
                "datetime",
                "immutable",
                "time"
            ],
            "support": {
                "issues": "https://github.com/aeon-php/calendar/issues",
                "source": "https://github.com/aeon-php/calendar/tree/1.0.7"
            },
            "time": "2022-09-10T13:11:14+00:00"
        },
        {
            "name": "coduo/php-to-string",
            "version": "3.2.0",
            "source": {
                "type": "git",
                "url": "https://github.com/coduo/php-to-string.git",
                "reference": "a1c8fb40d28252181cdad00b9fdc58ac71c154b1"
            },
            "dist": {
                "type": "zip",
                "url": "https://api.github.com/repos/coduo/php-to-string/zipball/a1c8fb40d28252181cdad00b9fdc58ac71c154b1",
                "reference": "a1c8fb40d28252181cdad00b9fdc58ac71c154b1",
                "shasum": ""
            },
            "require": {
                "php": ">=7.2"
            },
            "require-dev": {
                "phpunit/phpunit": "^8.5|^9.5"
            },
            "suggest": {
                "ext-intl": "Required if you are going to use humanizer with locales different than en_EN"
            },
            "type": "library",
            "autoload": {
                "psr-4": {
                    "Coduo\\ToString\\": "src/Coduo/ToString"
                }
            },
            "notification-url": "https://packagist.org/downloads/",
            "license": [
                "MIT"
            ],
            "authors": [
                {
                    "name": "Michał Dąbrowski",
                    "email": "dabrowski@brillante.pl"
                },
                {
                    "name": "Norbert Orzechowicz",
                    "email": "norbert@orzechowicz.pl"
                }
            ],
            "description": "Simple library that converts PHP value into strings",
            "keywords": [
                "php",
                "string",
                "to",
                "to string"
            ],
            "support": {
                "issues": "https://github.com/coduo/php-to-string/issues",
                "source": "https://github.com/coduo/php-to-string/tree/3.2.0"
            },
            "funding": [
                {
                    "url": "https://github.com/norberttech",
                    "type": "github"
                }
            ],
            "time": "2021-02-23T21:32:39+00:00"
        },
        {
            "name": "doctrine/deprecations",
            "version": "v1.0.0",
            "source": {
                "type": "git",
                "url": "https://github.com/doctrine/deprecations.git",
                "reference": "0e2a4f1f8cdfc7a92ec3b01c9334898c806b30de"
            },
            "dist": {
                "type": "zip",
                "url": "https://api.github.com/repos/doctrine/deprecations/zipball/0e2a4f1f8cdfc7a92ec3b01c9334898c806b30de",
                "reference": "0e2a4f1f8cdfc7a92ec3b01c9334898c806b30de",
                "shasum": ""
            },
            "require": {
                "php": "^7.1|^8.0"
            },
            "require-dev": {
                "doctrine/coding-standard": "^9",
                "phpunit/phpunit": "^7.5|^8.5|^9.5",
                "psr/log": "^1|^2|^3"
            },
            "suggest": {
                "psr/log": "Allows logging deprecations via PSR-3 logger implementation"
            },
            "type": "library",
            "autoload": {
                "psr-4": {
                    "Doctrine\\Deprecations\\": "lib/Doctrine/Deprecations"
                }
            },
            "notification-url": "https://packagist.org/downloads/",
            "license": [
                "MIT"
            ],
            "description": "A small layer on top of trigger_error(E_USER_DEPRECATED) or PSR-3 logging with options to disable all deprecations or selectively for packages.",
            "homepage": "https://www.doctrine-project.org/",
            "support": {
                "issues": "https://github.com/doctrine/deprecations/issues",
                "source": "https://github.com/doctrine/deprecations/tree/v1.0.0"
            },
            "time": "2022-05-02T15:47:09+00:00"
        },
        {
            "name": "doctrine/lexer",
            "version": "2.1.0",
            "source": {
                "type": "git",
                "url": "https://github.com/doctrine/lexer.git",
                "reference": "39ab8fcf5a51ce4b85ca97c7a7d033eb12831124"
            },
            "dist": {
                "type": "zip",
                "url": "https://api.github.com/repos/doctrine/lexer/zipball/39ab8fcf5a51ce4b85ca97c7a7d033eb12831124",
                "reference": "39ab8fcf5a51ce4b85ca97c7a7d033eb12831124",
                "shasum": ""
            },
            "require": {
                "doctrine/deprecations": "^1.0",
                "php": "^7.1 || ^8.0"
            },
            "require-dev": {
                "doctrine/coding-standard": "^9 || ^10",
                "phpstan/phpstan": "^1.3",
                "phpunit/phpunit": "^7.5 || ^8.5 || ^9.5",
                "psalm/plugin-phpunit": "^0.18.3",
                "vimeo/psalm": "^4.11 || ^5.0"
            },
            "type": "library",
            "autoload": {
                "psr-4": {
                    "Doctrine\\Common\\Lexer\\": "src"
                }
            },
            "notification-url": "https://packagist.org/downloads/",
            "license": [
                "MIT"
            ],
            "authors": [
                {
                    "name": "Guilherme Blanco",
                    "email": "guilhermeblanco@gmail.com"
                },
                {
                    "name": "Roman Borschel",
                    "email": "roman@code-factory.org"
                },
                {
                    "name": "Johannes Schmitt",
                    "email": "schmittjoh@gmail.com"
                }
            ],
            "description": "PHP Doctrine Lexer parser library that can be used in Top-Down, Recursive Descent Parsers.",
            "homepage": "https://www.doctrine-project.org/projects/lexer.html",
            "keywords": [
                "annotations",
                "docblock",
                "lexer",
                "parser",
                "php"
            ],
            "support": {
                "issues": "https://github.com/doctrine/lexer/issues",
                "source": "https://github.com/doctrine/lexer/tree/2.1.0"
            },
            "funding": [
                {
                    "url": "https://www.doctrine-project.org/sponsorship.html",
                    "type": "custom"
                },
                {
                    "url": "https://www.patreon.com/phpdoctrine",
                    "type": "patreon"
                },
                {
                    "url": "https://tidelift.com/funding/github/packagist/doctrine%2Flexer",
                    "type": "tidelift"
                }
            ],
            "time": "2022-12-14T08:49:07+00:00"
        }
    ],
    "packages-dev": [
        {
            "name": "openlss/lib-array2xml",
            "version": "1.0.0",
            "source": {
                "type": "git",
                "url": "https://github.com/nullivex/lib-array2xml.git",
                "reference": "a91f18a8dfc69ffabe5f9b068bc39bb202c81d90"
            },
            "dist": {
                "type": "zip",
                "url": "https://api.github.com/repos/nullivex/lib-array2xml/zipball/a91f18a8dfc69ffabe5f9b068bc39bb202c81d90",
                "reference": "a91f18a8dfc69ffabe5f9b068bc39bb202c81d90",
                "shasum": ""
            },
            "require": {
                "php": ">=5.3.2"
            },
            "type": "library",
            "autoload": {
                "psr-0": {
                    "LSS": ""
                }
            },
            "notification-url": "https://packagist.org/downloads/",
            "license": [
                "Apache-2.0"
            ],
            "authors": [
                {
                    "name": "Bryan Tong",
                    "email": "bryan@nullivex.com",
                    "homepage": "https://www.nullivex.com"
                },
                {
                    "name": "Tony Butler",
                    "email": "spudz76@gmail.com",
                    "homepage": "https://www.nullivex.com"
                }
            ],
            "description": "Array2XML conversion library credit to lalit.org",
            "homepage": "https://www.nullivex.com",
            "keywords": [
                "array",
                "array conversion",
                "xml",
                "xml conversion"
            ],
            "support": {
                "issues": "https://github.com/nullivex/lib-array2xml/issues",
                "source": "https://github.com/nullivex/lib-array2xml/tree/master"
            },
            "time": "2019-03-29T20:06:56+00:00"
        },
        {
            "name": "psr/cache",
            "version": "3.0.0",
            "source": {
                "type": "git",
                "url": "https://github.com/php-fig/cache.git",
                "reference": "aa5030cfa5405eccfdcb1083ce040c2cb8d253bf"
            },
            "dist": {
                "type": "zip",
                "url": "https://api.github.com/repos/php-fig/cache/zipball/aa5030cfa5405eccfdcb1083ce040c2cb8d253bf",
                "reference": "aa5030cfa5405eccfdcb1083ce040c2cb8d253bf",
                "shasum": ""
            },
            "require": {
                "php": ">=8.0.0"
            },
            "type": "library",
            "extra": {
                "branch-alias": {
                    "dev-master": "1.0.x-dev"
                }
            },
            "autoload": {
                "psr-4": {
                    "Psr\\Cache\\": "src/"
                }
            },
            "notification-url": "https://packagist.org/downloads/",
            "license": [
                "MIT"
            ],
            "authors": [
                {
                    "name": "PHP-FIG",
                    "homepage": "https://www.php-fig.org/"
                }
            ],
            "description": "Common interface for caching libraries",
            "keywords": [
                "cache",
                "psr",
                "psr-6"
            ],
            "support": {
                "source": "https://github.com/php-fig/cache/tree/3.0.0"
            },
            "time": "2021-02-03T23:26:27+00:00"
        },
        {
            "name": "psr/container",
            "version": "2.0.2",
            "source": {
                "type": "git",
                "url": "https://github.com/php-fig/container.git",
                "reference": "c71ecc56dfe541dbd90c5360474fbc405f8d5963"
            },
            "dist": {
                "type": "zip",
                "url": "https://api.github.com/repos/php-fig/container/zipball/c71ecc56dfe541dbd90c5360474fbc405f8d5963",
                "reference": "c71ecc56dfe541dbd90c5360474fbc405f8d5963",
                "shasum": ""
            },
            "require": {
                "php": ">=7.4.0"
            },
            "type": "library",
            "extra": {
                "branch-alias": {
                    "dev-master": "2.0.x-dev"
                }
            },
            "autoload": {
                "psr-4": {
                    "Psr\\Container\\": "src/"
                }
            },
            "notification-url": "https://packagist.org/downloads/",
            "license": [
                "MIT"
            ],
            "authors": [
                {
                    "name": "PHP-FIG",
                    "homepage": "https://www.php-fig.org/"
                }
            ],
            "description": "Common Container Interface (PHP FIG PSR-11)",
            "homepage": "https://github.com/php-fig/container",
            "keywords": [
                "PSR-11",
                "container",
                "container-interface",
                "container-interop",
                "psr"
            ],
            "support": {
                "issues": "https://github.com/php-fig/container/issues",
                "source": "https://github.com/php-fig/container/tree/2.0.2"
            },
            "time": "2021-11-05T16:47:00+00:00"
        },
        {
            "name": "psr/log",
            "version": "3.0.0",
            "source": {
                "type": "git",
                "url": "https://github.com/php-fig/log.git",
                "reference": "fe5ea303b0887d5caefd3d431c3e61ad47037001"
            },
            "dist": {
                "type": "zip",
                "url": "https://api.github.com/repos/php-fig/log/zipball/fe5ea303b0887d5caefd3d431c3e61ad47037001",
                "reference": "fe5ea303b0887d5caefd3d431c3e61ad47037001",
                "shasum": ""
            },
            "require": {
                "php": ">=8.0.0"
            },
            "type": "library",
            "extra": {
                "branch-alias": {
                    "dev-master": "3.x-dev"
                }
            },
            "autoload": {
                "psr-4": {
                    "Psr\\Log\\": "src"
                }
            },
            "notification-url": "https://packagist.org/downloads/",
            "license": [
                "MIT"
            ],
            "authors": [
                {
                    "name": "PHP-FIG",
                    "homepage": "https://www.php-fig.org/"
                }
            ],
            "description": "Common interface for logging libraries",
            "homepage": "https://github.com/php-fig/log",
            "keywords": [
                "log",
                "psr",
                "psr-3"
            ],
            "support": {
                "source": "https://github.com/php-fig/log/tree/3.0.0"
            },
            "time": "2021-07-14T16:46:02+00:00"
        },
        {
            "name": "symfony/cache",
            "version": "v6.2.5",
            "source": {
                "type": "git",
                "url": "https://github.com/symfony/cache.git",
                "reference": "cfe2d7c87d55b04cbde8fe3c137d9dd66e5d83f4"
            },
            "dist": {
                "type": "zip",
                "url": "https://api.github.com/repos/symfony/cache/zipball/cfe2d7c87d55b04cbde8fe3c137d9dd66e5d83f4",
                "reference": "cfe2d7c87d55b04cbde8fe3c137d9dd66e5d83f4",
                "shasum": ""
            },
            "require": {
                "php": ">=8.1",
                "psr/cache": "^2.0|^3.0",
                "psr/log": "^1.1|^2|^3",
                "symfony/cache-contracts": "^1.1.7|^2|^3",
                "symfony/service-contracts": "^1.1|^2|^3",
                "symfony/var-exporter": "^6.2"
            },
            "conflict": {
                "doctrine/dbal": "<2.13.1",
                "symfony/dependency-injection": "<5.4",
                "symfony/http-kernel": "<5.4",
                "symfony/var-dumper": "<5.4"
            },
            "provide": {
                "psr/cache-implementation": "2.0|3.0",
                "psr/simple-cache-implementation": "1.0|2.0|3.0",
                "symfony/cache-implementation": "1.1|2.0|3.0"
            },
            "require-dev": {
                "cache/integration-tests": "dev-master",
                "doctrine/dbal": "^2.13.1|^3.0",
                "predis/predis": "^1.1",
                "psr/simple-cache": "^1.0|^2.0|^3.0",
                "symfony/config": "^5.4|^6.0",
                "symfony/dependency-injection": "^5.4|^6.0",
                "symfony/filesystem": "^5.4|^6.0",
                "symfony/http-kernel": "^5.4|^6.0",
                "symfony/messenger": "^5.4|^6.0",
                "symfony/var-dumper": "^5.4|^6.0"
            },
            "type": "library",
            "autoload": {
                "psr-4": {
                    "Symfony\\Component\\Cache\\": ""
                },
                "classmap": [
                    "Traits/ValueWrapper.php"
                ],
                "exclude-from-classmap": [
                    "/Tests/"
                ]
            },
            "notification-url": "https://packagist.org/downloads/",
            "license": [
                "MIT"
            ],
            "authors": [
                {
                    "name": "Nicolas Grekas",
                    "email": "p@tchwork.com"
                },
                {
                    "name": "Symfony Community",
                    "homepage": "https://symfony.com/contributors"
                }
            ],
            "description": "Provides extended PSR-6, PSR-16 (and tags) implementations",
            "homepage": "https://symfony.com",
            "keywords": [
                "caching",
                "psr6"
            ],
            "support": {
                "source": "https://github.com/symfony/cache/tree/v6.2.5"
            },
            "funding": [
                {
                    "url": "https://symfony.com/sponsor",
                    "type": "custom"
                },
                {
                    "url": "https://github.com/fabpot",
                    "type": "github"
                },
                {
                    "url": "https://tidelift.com/funding/github/packagist/symfony/symfony",
                    "type": "tidelift"
                }
            ],
            "time": "2023-01-20T17:45:48+00:00"
        },
        {
            "name": "symfony/cache-contracts",
            "version": "v3.2.0",
            "source": {
                "type": "git",
                "url": "https://github.com/symfony/cache-contracts.git",
                "reference": "e8d1a5fc43534063204b74c080ebe36307d12271"
            },
            "dist": {
                "type": "zip",
                "url": "https://api.github.com/repos/symfony/cache-contracts/zipball/e8d1a5fc43534063204b74c080ebe36307d12271",
                "reference": "e8d1a5fc43534063204b74c080ebe36307d12271",
                "shasum": ""
            },
            "require": {
                "php": ">=8.1",
                "psr/cache": "^3.0"
            },
            "suggest": {
                "symfony/cache-implementation": ""
            },
            "type": "library",
            "extra": {
                "branch-alias": {
                    "dev-main": "3.3-dev"
                },
                "thanks": {
                    "name": "symfony/contracts",
                    "url": "https://github.com/symfony/contracts"
                }
            },
            "autoload": {
                "psr-4": {
                    "Symfony\\Contracts\\Cache\\": ""
                }
            },
            "notification-url": "https://packagist.org/downloads/",
            "license": [
                "MIT"
            ],
            "authors": [
                {
                    "name": "Nicolas Grekas",
                    "email": "p@tchwork.com"
                },
                {
                    "name": "Symfony Community",
                    "homepage": "https://symfony.com/contributors"
                }
            ],
            "description": "Generic abstractions related to caching",
            "homepage": "https://symfony.com",
            "keywords": [
                "abstractions",
                "contracts",
                "decoupling",
                "interfaces",
                "interoperability",
                "standards"
            ],
            "support": {
                "source": "https://github.com/symfony/cache-contracts/tree/v3.2.0"
            },
            "funding": [
                {
                    "url": "https://symfony.com/sponsor",
                    "type": "custom"
                },
                {
                    "url": "https://github.com/fabpot",
                    "type": "github"
                },
                {
                    "url": "https://tidelift.com/funding/github/packagist/symfony/symfony",
                    "type": "tidelift"
                }
            ],
            "time": "2022-11-25T10:21:52+00:00"
        },
        {
            "name": "symfony/expression-language",
            "version": "v6.2.5",
            "source": {
                "type": "git",
                "url": "https://github.com/symfony/expression-language.git",
                "reference": "c61e4bbaff98b2e0b911612ef684f9b1dd3c7db4"
            },
            "dist": {
                "type": "zip",
                "url": "https://api.github.com/repos/symfony/expression-language/zipball/c61e4bbaff98b2e0b911612ef684f9b1dd3c7db4",
                "reference": "c61e4bbaff98b2e0b911612ef684f9b1dd3c7db4",
                "shasum": ""
            },
            "require": {
                "php": ">=8.1",
                "symfony/cache": "^5.4|^6.0",
                "symfony/service-contracts": "^1.1|^2|^3"
            },
            "type": "library",
            "autoload": {
                "psr-4": {
                    "Symfony\\Component\\ExpressionLanguage\\": ""
                },
                "exclude-from-classmap": [
                    "/Tests/"
                ]
            },
            "notification-url": "https://packagist.org/downloads/",
            "license": [
                "MIT"
            ],
            "authors": [
                {
                    "name": "Fabien Potencier",
                    "email": "fabien@symfony.com"
                },
                {
                    "name": "Symfony Community",
                    "homepage": "https://symfony.com/contributors"
                }
            ],
            "description": "Provides an engine that can compile and evaluate expressions",
            "homepage": "https://symfony.com",
            "support": {
                "source": "https://github.com/symfony/expression-language/tree/v6.2.5"
            },
            "funding": [
                {
                    "url": "https://symfony.com/sponsor",
                    "type": "custom"
                },
                {
                    "url": "https://github.com/fabpot",
                    "type": "github"
                },
                {
                    "url": "https://tidelift.com/funding/github/packagist/symfony/symfony",
                    "type": "tidelift"
                }
            ],
            "time": "2023-01-20T17:45:48+00:00"
        },
        {
            "name": "symfony/service-contracts",
            "version": "v3.2.0",
            "source": {
                "type": "git",
                "url": "https://github.com/symfony/service-contracts.git",
                "reference": "aac98028c69df04ee77eb69b96b86ee51fbf4b75"
            },
            "dist": {
                "type": "zip",
                "url": "https://api.github.com/repos/symfony/service-contracts/zipball/aac98028c69df04ee77eb69b96b86ee51fbf4b75",
                "reference": "aac98028c69df04ee77eb69b96b86ee51fbf4b75",
                "shasum": ""
            },
            "require": {
                "php": ">=8.1",
                "psr/container": "^2.0"
            },
            "conflict": {
                "ext-psr": "<1.1|>=2"
            },
            "suggest": {
                "symfony/service-implementation": ""
            },
            "type": "library",
            "extra": {
                "branch-alias": {
                    "dev-main": "3.3-dev"
                },
                "thanks": {
                    "name": "symfony/contracts",
                    "url": "https://github.com/symfony/contracts"
                }
            },
            "autoload": {
                "psr-4": {
                    "Symfony\\Contracts\\Service\\": ""
                },
                "exclude-from-classmap": [
                    "/Test/"
                ]
            },
            "notification-url": "https://packagist.org/downloads/",
            "license": [
                "MIT"
            ],
            "authors": [
                {
                    "name": "Nicolas Grekas",
                    "email": "p@tchwork.com"
                },
                {
                    "name": "Symfony Community",
                    "homepage": "https://symfony.com/contributors"
                }
            ],
            "description": "Generic abstractions related to writing services",
            "homepage": "https://symfony.com",
            "keywords": [
                "abstractions",
                "contracts",
                "decoupling",
                "interfaces",
                "interoperability",
                "standards"
            ],
            "support": {
                "source": "https://github.com/symfony/service-contracts/tree/v3.2.0"
            },
            "funding": [
                {
                    "url": "https://symfony.com/sponsor",
                    "type": "custom"
                },
                {
                    "url": "https://github.com/fabpot",
                    "type": "github"
                },
                {
                    "url": "https://tidelift.com/funding/github/packagist/symfony/symfony",
                    "type": "tidelift"
                }
            ],
            "time": "2022-11-25T10:21:52+00:00"
        },
        {
            "name": "symfony/var-exporter",
            "version": "v6.2.5",
            "source": {
                "type": "git",
                "url": "https://github.com/symfony/var-exporter.git",
                "reference": "108f9c6451eea8e04a7fb83bbacb5b812ef30e35"
            },
            "dist": {
                "type": "zip",
                "url": "https://api.github.com/repos/symfony/var-exporter/zipball/108f9c6451eea8e04a7fb83bbacb5b812ef30e35",
                "reference": "108f9c6451eea8e04a7fb83bbacb5b812ef30e35",
                "shasum": ""
            },
            "require": {
                "php": ">=8.1"
            },
            "require-dev": {
                "symfony/var-dumper": "^5.4|^6.0"
            },
            "type": "library",
            "autoload": {
                "psr-4": {
                    "Symfony\\Component\\VarExporter\\": ""
                },
                "exclude-from-classmap": [
                    "/Tests/"
                ]
            },
            "notification-url": "https://packagist.org/downloads/",
            "license": [
                "MIT"
            ],
            "authors": [
                {
                    "name": "Nicolas Grekas",
                    "email": "p@tchwork.com"
                },
                {
                    "name": "Symfony Community",
                    "homepage": "https://symfony.com/contributors"
                }
            ],
            "description": "Allows exporting any serializable PHP data structure to plain PHP code",
            "homepage": "https://symfony.com",
            "keywords": [
                "clone",
                "construct",
                "export",
                "hydrate",
                "instantiate",
                "lazy loading",
                "proxy",
                "serialize"
            ],
            "support": {
                "source": "https://github.com/symfony/var-exporter/tree/v6.2.5"
            },
            "funding": [
                {
                    "url": "https://symfony.com/sponsor",
                    "type": "custom"
                },
                {
                    "url": "https://github.com/fabpot",
                    "type": "github"
                },
                {
                    "url": "https://tidelift.com/funding/github/packagist/symfony/symfony",
                    "type": "tidelift"
                }
            ],
            "time": "2023-01-13T08:35:57+00:00"
        }
    ],
    "aliases": [],
    "minimum-stability": "stable",
    "stability-flags": [],
    "prefer-stable": false,
    "prefer-lowest": false,
    "platform": {
        "php": "~8.1 || ~8.2",
        "ext-filter": "*",
        "ext-json": "*",
        "ext-simplexml": "*"
    },
    "platform-dev": {
        "ext-pcov": "*"
    },
    "plugin-api-version": "2.3.0"
}
